
Microsoft Visual Studio Solution File, Format Version 12.00
# Visual Studio 15
VisualStudioVersion = 15.0.27703.2047
MinimumVisualStudioVersion = 10.0.40219.1
Project("{FAE04EC0-301F-11D3-BF4B-00C04F79EFBC}") = "Wynges", "Wynges\Wynges.csproj", "{DB769E6F-777B-4B62-92BE-0A44E916A1EA}"
EndProject
Global
	GlobalSection(SolutionConfigurationPlatforms) = preSolution
		Debug|Any CPU = Debug|Any CPU
		Release|Any CPU = Release|Any CPU
	EndGlobalSection
	GlobalSection(ProjectConfigurationPlatforms) = postSolution
		{DB769E6F-777B-4B62-92BE-0A44E916A1EA}.Debug|Any CPU.ActiveCfg = Debug|Any CPU
		{DB769E6F-777B-4B62-92BE-0A44E916A1EA}.Debug|Any CPU.Build.0 = Debug|Any CPU
		{DB769E6F-777B-4B62-92BE-0A44E916A1EA}.Release|Any CPU.ActiveCfg = Release|Any CPU
		{DB769E6F-777B-4B62-92BE-0A44E916A1EA}.Release|Any CPU.Build.0 = Release|Any CPU
	EndGlobalSection
	GlobalSection(SolutionProperties) = preSolution
		HideSolutionNode = FALSE
	EndGlobalSection
	GlobalSection(ExtensibilityGlobals) = postSolution
		SolutionGuid = {1F291F16-2E69-4344-A60C-776E30A2115B}
	EndGlobalSection
EndGlobal
